
Microsoft Visual Studio Solution File, Format Version 12.00
# Visual Studio 15
Project("{FAE04EC0-301F-11D3-BF4B-00C04F79EFBC}") = "Assembly-CSharp", "Assembly-CSharp.csproj", "{BC7E545D-90B8-ABCA-510D-640E22DC442B}"
EndProject
Project("{FAE04EC0-301F-11D3-BF4B-00C04F79EFBC}") = "com.rlabrecque.steamworks.net", "com.rlabrecque.steamworks.net.csproj", "{19327A97-8CB4-8519-C854-85DE54F85D0B}"
EndProject
Project("{FAE04EC0-301F-11D3-BF4B-00C04F79EFBC}") = "UniTask", "UniTask.csproj", "{BE924F28-CFA5-C441-CFDB-57C4F72929DF}"
EndProject
Project("{FAE04EC0-301F-11D3-BF4B-00C04F79EFBC}") = "UniTask.Linq", "UniTask.Linq.csproj", "{58E4A441-BB3C-1BD2-D356-953591DD7B23}"
EndProject
Project("{FAE04EC0-301F-11D3-BF4B-00C04F79EFBC}") = "Assembly-CSharp-Editor", "Assembly-CSharp-Editor.csproj", "{5E09A56A-9789-3F1E-E6E0-AA93631A9814}"
EndProject
Project("{FAE04EC0-301F-11D3-BF4B-00C04F79EFBC}") = "Coffee.UIEffect", "Coffee.UIEffect.csproj", "{23BF4287-22C5-7C60-0060-F3346AB8E998}"
EndProject
Project("{FAE04EC0-301F-11D3-BF4B-00C04F79EFBC}") = "Coffee.UIEffect.Editor", "Coffee.UIEffect.Editor.csproj", "{05854D5C-7A77-3A0E-685D-AA6430E6A076}"
EndProject
Project("{FAE04EC0-301F-11D3-BF4B-00C04F79EFBC}") = "UniTask.Addressables", "UniTask.Addressables.csproj", "{15162D59-7D0F-EBAD-87C5-4A0F6B648EEF}"
EndProject
Project("{FAE04EC0-301F-11D3-BF4B-00C04F79EFBC}") = "Assembly-CSharp-firstpass", "Assembly-CSharp-firstpass.csproj", "{C851B7F2-7B60-363D-E088-31B9AC6D438C}"
EndProject
Project("{FAE04EC0-301F-11D3-BF4B-00C04F79EFBC}") = "UniTask.TextMeshPro", "UniTask.TextMeshPro.csproj", "{EE49EE4F-B3B4-0A10-FFA3-54E1FB013905}"
EndProject
Project("{FAE04EC0-301F-11D3-BF4B-00C04F79EFBC}") = "Sirenix.OdinInspector.Modules.Unity.Addressables", "Sirenix.OdinInspector.Modules.Unity.Addressables.csproj", "{09F691C6-61CA-5900-BBCC-5B7B1BF822BD}"
EndProject
Project("{FAE04EC0-301F-11D3-BF4B-00C04F79EFBC}") = "OutlineFx", "OutlineFx.csproj", "{DEF75725-87AE-1B02-4743-F327DA383575}"
EndProject
Project("{FAE04EC0-301F-11D3-BF4B-00C04F79EFBC}") = "OutlineFx.Editor", "OutlineFx.Editor.csproj", "{D6EB319B-04B6-9A5D-6FC2-2838A6CF6DF1}"
EndProject
Project("{FAE04EC0-301F-11D3-BF4B-00C04F79EFBC}") = "com.rlabrecque.steamworks.net.editor", "com.rlabrecque.steamworks.net.editor.csproj", "{7ED6F1EB-FDA1-62C4-E04E-C698B16FFE9D}"
EndProject
Project("{FAE04EC0-301F-11D3-BF4B-00C04F79EFBC}") = "UniTask.Editor", "UniTask.Editor.csproj", "{9BD0DEA7-1DF5-A0BB-8ED8-5E2FAD0725AA}"
EndProject
Project("{FAE04EC0-301F-11D3-BF4B-00C04F79EFBC}") = "Sirenix.OdinInspector.Modules.UnityMathematics", "Sirenix.OdinInspector.Modules.UnityMathematics.csproj", "{30847119-C010-490B-E5CC-311EDCFB9240}"
EndProject
Project("{FAE04EC0-301F-11D3-BF4B-00C04F79EFBC}") = "UniTask.DOTween", "UniTask.DOTween.csproj", "{D450480E-4559-03BF-FDE3-AD5A1C86124E}"
EndProject
Project("{FAE04EC0-301F-11D3-BF4B-00C04F79EFBC}") = "QFramework", "QFramework.csproj", "{C151479A-845C-4F60-65FC-023E59C2B792}"
EndProject
Global
	GlobalSection(SolutionConfigurationPlatforms) = preSolution
		Debug|Any CPU = Debug|Any CPU
		Release|Any CPU = Release|Any CPU
	EndGlobalSection
	GlobalSection(ProjectConfigurationPlatforms) = postSolution
		{BC7E545D-90B8-ABCA-510D-640E22DC442B}.Debug|Any CPU.ActiveCfg = Debug|Any CPU
		{BC7E545D-90B8-ABCA-510D-640E22DC442B}.Debug|Any CPU.Build.0 = Debug|Any CPU
		{BC7E545D-90B8-ABCA-510D-640E22DC442B}.Release|Any CPU.ActiveCfg = Release|Any CPU
		{BC7E545D-90B8-ABCA-510D-640E22DC442B}.Release|Any CPU.Build.0 = Release|Any CPU
		{19327A97-8CB4-8519-C854-85DE54F85D0B}.Debug|Any CPU.ActiveCfg = Debug|Any CPU
		{19327A97-8CB4-8519-C854-85DE54F85D0B}.Debug|Any CPU.Build.0 = Debug|Any CPU
		{19327A97-8CB4-8519-C854-85DE54F85D0B}.Release|Any CPU.ActiveCfg = Release|Any CPU
		{19327A97-8CB4-8519-C854-85DE54F85D0B}.Release|Any CPU.Build.0 = Release|Any CPU
		{BE924F28-CFA5-C441-CFDB-57C4F72929DF}.Debug|Any CPU.ActiveCfg = Debug|Any CPU
		{BE924F28-CFA5-C441-CFDB-57C4F72929DF}.Debug|Any CPU.Build.0 = Debug|Any CPU
		{BE924F28-CFA5-C441-CFDB-57C4F72929DF}.Release|Any CPU.ActiveCfg = Release|Any CPU
		{BE924F28-CFA5-C441-CFDB-57C4F72929DF}.Release|Any CPU.Build.0 = Release|Any CPU
		{58E4A441-BB3C-1BD2-D356-953591DD7B23}.Debug|Any CPU.ActiveCfg = Debug|Any CPU
		{58E4A441-BB3C-1BD2-D356-953591DD7B23}.Debug|Any CPU.Build.0 = Debug|Any CPU
		{58E4A441-BB3C-1BD2-D356-953591DD7B23}.Release|Any CPU.ActiveCfg = Release|Any CPU
		{58E4A441-BB3C-1BD2-D356-953591DD7B23}.Release|Any CPU.Build.0 = Release|Any CPU
		{5E09A56A-9789-3F1E-E6E0-AA93631A9814}.Debug|Any CPU.ActiveCfg = Debug|Any CPU
		{5E09A56A-9789-3F1E-E6E0-AA93631A9814}.Debug|Any CPU.Build.0 = Debug|Any CPU
		{5E09A56A-9789-3F1E-E6E0-AA93631A9814}.Release|Any CPU.ActiveCfg = Release|Any CPU
		{5E09A56A-9789-3F1E-E6E0-AA93631A9814}.Release|Any CPU.Build.0 = Release|Any CPU
		{23BF4287-22C5-7C60-0060-F3346AB8E998}.Debug|Any CPU.ActiveCfg = Debug|Any CPU
		{23BF4287-22C5-7C60-0060-F3346AB8E998}.Debug|Any CPU.Build.0 = Debug|Any CPU
		{23BF4287-22C5-7C60-0060-F3346AB8E998}.Release|Any CPU.ActiveCfg = Release|Any CPU
		{23BF4287-22C5-7C60-0060-F3346AB8E998}.Release|Any CPU.Build.0 = Release|Any CPU
		{05854D5C-7A77-3A0E-685D-AA6430E6A076}.Debug|Any CPU.ActiveCfg = Debug|Any CPU
		{05854D5C-7A77-3A0E-685D-AA6430E6A076}.Debug|Any CPU.Build.0 = Debug|Any CPU
		{05854D5C-7A77-3A0E-685D-AA6430E6A076}.Release|Any CPU.ActiveCfg = Release|Any CPU
		{05854D5C-7A77-3A0E-685D-AA6430E6A076}.Release|Any CPU.Build.0 = Release|Any CPU
		{15162D59-7D0F-EBAD-87C5-4A0F6B648EEF}.Debug|Any CPU.ActiveCfg = Debug|Any CPU
		{15162D59-7D0F-EBAD-87C5-4A0F6B648EEF}.Debug|Any CPU.Build.0 = Debug|Any CPU
		{15162D59-7D0F-EBAD-87C5-4A0F6B648EEF}.Release|Any CPU.ActiveCfg = Release|Any CPU
		{15162D59-7D0F-EBAD-87C5-4A0F6B648EEF}.Release|Any CPU.Build.0 = Release|Any CPU
		{C851B7F2-7B60-363D-E088-31B9AC6D438C}.Debug|Any CPU.ActiveCfg = Debug|Any CPU
		{C851B7F2-7B60-363D-E088-31B9AC6D438C}.Debug|Any CPU.Build.0 = Debug|Any CPU
		{C851B7F2-7B60-363D-E088-31B9AC6D438C}.Release|Any CPU.ActiveCfg = Release|Any CPU
		{C851B7F2-7B60-363D-E088-31B9AC6D438C}.Release|Any CPU.Build.0 = Release|Any CPU
		{EE49EE4F-B3B4-0A10-FFA3-54E1FB013905}.Debug|Any CPU.ActiveCfg = Debug|Any CPU
		{EE49EE4F-B3B4-0A10-FFA3-54E1FB013905}.Debug|Any CPU.Build.0 = Debug|Any CPU
		{EE49EE4F-B3B4-0A10-FFA3-54E1FB013905}.Release|Any CPU.ActiveCfg = Release|Any CPU
		{EE49EE4F-B3B4-0A10-FFA3-54E1FB013905}.Release|Any CPU.Build.0 = Release|Any CPU
		{09F691C6-61CA-5900-BBCC-5B7B1BF822BD}.Debug|Any CPU.ActiveCfg = Debug|Any CPU
		{09F691C6-61CA-5900-BBCC-5B7B1BF822BD}.Debug|Any CPU.Build.0 = Debug|Any CPU
		{09F691C6-61CA-5900-BBCC-5B7B1BF822BD}.Release|Any CPU.ActiveCfg = Release|Any CPU
		{09F691C6-61CA-5900-BBCC-5B7B1BF822BD}.Release|Any CPU.Build.0 = Release|Any CPU
		{DEF75725-87AE-1B02-4743-F327DA383575}.Debug|Any CPU.ActiveCfg = Debug|Any CPU
		{DEF75725-87AE-1B02-4743-F327DA383575}.Debug|Any CPU.Build.0 = Debug|Any CPU
		{DEF75725-87AE-1B02-4743-F327DA383575}.Release|Any CPU.ActiveCfg = Release|Any CPU
		{DEF75725-87AE-1B02-4743-F327DA383575}.Release|Any CPU.Build.0 = Release|Any CPU
		{D6EB319B-04B6-9A5D-6FC2-2838A6CF6DF1}.Debug|Any CPU.ActiveCfg = Debug|Any CPU
		{D6EB319B-04B6-9A5D-6FC2-2838A6CF6DF1}.Debug|Any CPU.Build.0 = Debug|Any CPU
		{D6EB319B-04B6-9A5D-6FC2-2838A6CF6DF1}.Release|Any CPU.ActiveCfg = Release|Any CPU
		{D6EB319B-04B6-9A5D-6FC2-2838A6CF6DF1}.Release|Any CPU.Build.0 = Release|Any CPU
		{7ED6F1EB-FDA1-62C4-E04E-C698B16FFE9D}.Debug|Any CPU.ActiveCfg = Debug|Any CPU
		{7ED6F1EB-FDA1-62C4-E04E-C698B16FFE9D}.Debug|Any CPU.Build.0 = Debug|Any CPU
		{7ED6F1EB-FDA1-62C4-E04E-C698B16FFE9D}.Release|Any CPU.ActiveCfg = Release|Any CPU
		{7ED6F1EB-FDA1-62C4-E04E-C698B16FFE9D}.Release|Any CPU.Build.0 = Release|Any CPU
		{9BD0DEA7-1DF5-A0BB-8ED8-5E2FAD0725AA}.Debug|Any CPU.ActiveCfg = Debug|Any CPU
		{9BD0DEA7-1DF5-A0BB-8ED8-5E2FAD0725AA}.Debug|Any CPU.Build.0 = Debug|Any CPU
		{9BD0DEA7-1DF5-A0BB-8ED8-5E2FAD0725AA}.Release|Any CPU.ActiveCfg = Release|Any CPU
		{9BD0DEA7-1DF5-A0BB-8ED8-5E2FAD0725AA}.Release|Any CPU.Build.0 = Release|Any CPU
		{30847119-C010-490B-E5CC-311EDCFB9240}.Debug|Any CPU.ActiveCfg = Debug|Any CPU
		{30847119-C010-490B-E5CC-311EDCFB9240}.Debug|Any CPU.Build.0 = Debug|Any CPU
		{30847119-C010-490B-E5CC-311EDCFB9240}.Release|Any CPU.ActiveCfg = Release|Any CPU
		{30847119-C010-490B-E5CC-311EDCFB9240}.Release|Any CPU.Build.0 = Release|Any CPU
		{D450480E-4559-03BF-FDE3-AD5A1C86124E}.Debug|Any CPU.ActiveCfg = Debug|Any CPU
		{D450480E-4559-03BF-FDE3-AD5A1C86124E}.Debug|Any CPU.Build.0 = Debug|Any CPU
		{D450480E-4559-03BF-FDE3-AD5A1C86124E}.Release|Any CPU.ActiveCfg = Release|Any CPU
		{D450480E-4559-03BF-FDE3-AD5A1C86124E}.Release|Any CPU.Build.0 = Release|Any CPU
		{C151479A-845C-4F60-65FC-023E59C2B792}.Debug|Any CPU.ActiveCfg = Debug|Any CPU
		{C151479A-845C-4F60-65FC-023E59C2B792}.Debug|Any CPU.Build.0 = Debug|Any CPU
		{C151479A-845C-4F60-65FC-023E59C2B792}.Release|Any CPU.ActiveCfg = Release|Any CPU
		{C151479A-845C-4F60-65FC-023E59C2B792}.Release|Any CPU.Build.0 = Release|Any CPU
	EndGlobalSection
	GlobalSection(SolutionProperties) = preSolution
		HideSolutionNode = FALSE
	EndGlobalSection
EndGlobal
