
Microsoft Visual Studio Solution File, Format Version 11.00
# Visual Studio 2010
Project("{FAE04EC0-301F-11D3-BF4B-00C04F79EFBC}") = "Assembly-CSharp", "Assembly-CSharp.csproj", "{08915dbd-5293-4f73-ef14-1841f33c0b41}"
EndProject
Project("{FAE04EC0-301F-11D3-BF4B-00C04F79EFBC}") = "Assembly-CSharp-firstpass", "Assembly-CSharp-firstpass.csproj", "{c94ad8c0-3d99-a63e-9675-5b0d28c42707}"
EndProject
Global
	GlobalSection(SolutionConfigurationPlatforms) = preSolution
		Debug|Any CPU = Debug|Any CPU
	EndGlobalSection
	GlobalSection(ProjectConfigurationPlatforms) = postSolution
		{08915dbd-5293-4f73-ef14-1841f33c0b41}.Debug|Any CPU.ActiveCfg = Debug|Any CPU
		{08915dbd-5293-4f73-ef14-1841f33c0b41}.Debug|Any CPU.Build.0 = Debug|Any CPU
		{c94ad8c0-3d99-a63e-9675-5b0d28c42707}.Debug|Any CPU.ActiveCfg = Debug|Any CPU
		{c94ad8c0-3d99-a63e-9675-5b0d28c42707}.Debug|Any CPU.Build.0 = Debug|Any CPU
	EndGlobalSection
	GlobalSection(SolutionProperties) = preSolution
		HideSolutionNode = FALSE
	EndGlobalSection
EndGlobal
